
Microsoft Visual Studio Solution File, Format Version 12.00
# Visual Studio 2012
# SharpDevelop 5.1
VisualStudioVersion = 12.0.20827.3
MinimumVisualStudioVersion = 10.0.40219.1
Project("{FAE04EC0-301F-11D3-BF4B-00C04F79EFBC}") = "ChatBot", "ChatBot\ChatBot.csproj", "{0DD9A8CB-6F8A-4287-88DA-FCB4B29CB4F6}"
EndProject
Project("{FAE04EC0-301F-11D3-BF4B-00C04F79EFBC}") = "AI.BotAlgoritm", "AI.BotAlgoritm\AI.BotAlgoritm.csproj", "{A004C998-70C9-4772-BECA-B405A9E2555D}"
EndProject
Project("{FAE04EC0-301F-11D3-BF4B-00C04F79EFBC}") = "Тест", "Тест\Тест.csproj", "{F06DB6E7-C994-403E-A7CB-118966122B88}"
EndProject
Global
	GlobalSection(SolutionConfigurationPlatforms) = preSolution
		Debug|Any CPU = Debug|Any CPU
		Release|Any CPU = Release|Any CPU
	EndGlobalSection
	GlobalSection(ProjectConfigurationPlatforms) = postSolution
		{0DD9A8CB-6F8A-4287-88DA-FCB4B29CB4F6}.Debug|Any CPU.ActiveCfg = Debug|Any CPU
		{0DD9A8CB-6F8A-4287-88DA-FCB4B29CB4F6}.Debug|Any CPU.Build.0 = Debug|Any CPU
		{0DD9A8CB-6F8A-4287-88DA-FCB4B29CB4F6}.Release|Any CPU.ActiveCfg = Release|Any CPU
		{0DD9A8CB-6F8A-4287-88DA-FCB4B29CB4F6}.Release|Any CPU.Build.0 = Release|Any CPU
		{A004C998-70C9-4772-BECA-B405A9E2555D}.Debug|Any CPU.ActiveCfg = Debug|Any CPU
		{A004C998-70C9-4772-BECA-B405A9E2555D}.Debug|Any CPU.Build.0 = Debug|Any CPU
		{A004C998-70C9-4772-BECA-B405A9E2555D}.Release|Any CPU.ActiveCfg = Release|Any CPU
		{A004C998-70C9-4772-BECA-B405A9E2555D}.Release|Any CPU.Build.0 = Release|Any CPU
		{F06DB6E7-C994-403E-A7CB-118966122B88}.Debug|Any CPU.ActiveCfg = Debug|Any CPU
		{F06DB6E7-C994-403E-A7CB-118966122B88}.Debug|Any CPU.Build.0 = Debug|Any CPU
		{F06DB6E7-C994-403E-A7CB-118966122B88}.Release|Any CPU.ActiveCfg = Release|Any CPU
		{F06DB6E7-C994-403E-A7CB-118966122B88}.Release|Any CPU.Build.0 = Release|Any CPU
	EndGlobalSection
EndGlobal
